
Microsoft Visual Studio Solution File, Format Version 12.00
# Visual Studio Version 16
VisualStudioVersion = 16.0.32228.343
MinimumVisualStudioVersion = 10.0.40219.1
Project("{FAE04EC0-301F-11D3-BF4B-00C04F79EFBC}") = "AcessoBancoDeDados", "AcessoBancoDeDados.csproj", "{97A0B463-71BF-407D-B10F-1B36FC8C6F1A}"
EndProject
Global
	GlobalSection(SolutionConfigurationPlatforms) = preSolution
		Debug|Any CPU = Debug|Any CPU
		Release|Any CPU = Release|Any CPU
	EndGlobalSection
	GlobalSection(ProjectConfigurationPlatforms) = postSolution
		{97A0B463-71BF-407D-B10F-1B36FC8C6F1A}.Debug|Any CPU.ActiveCfg = Debug|Any CPU
		{97A0B463-71BF-407D-B10F-1B36FC8C6F1A}.Debug|Any CPU.Build.0 = Debug|Any CPU
		{97A0B463-71BF-407D-B10F-1B36FC8C6F1A}.Release|Any CPU.ActiveCfg = Release|Any CPU
		{97A0B463-71BF-407D-B10F-1B36FC8C6F1A}.Release|Any CPU.Build.0 = Release|Any CPU
	EndGlobalSection
	GlobalSection(SolutionProperties) = preSolution
		HideSolutionNode = FALSE
	EndGlobalSection
	GlobalSection(ExtensibilityGlobals) = postSolution
		SolutionGuid = {2A82B407-9026-4336-A958-3D0C0FD208B3}
	EndGlobalSection
EndGlobal
