
Microsoft Visual Studio Solution File, Format Version 12.00
# Visual Studio Version 17
VisualStudioVersion = 17.0.32126.317
MinimumVisualStudioVersion = 10.0.40219.1
Project("{FAE04EC0-301F-11D3-BF4B-00C04F79EFBC}") = "AcessoBancoDados", "AcessoBancoDados.csproj", "{F4E277ED-BD1E-44E3-AAB2-605864665987}"
EndProject
Global
	GlobalSection(SolutionConfigurationPlatforms) = preSolution
		Debug|Any CPU = Debug|Any CPU
		Release|Any CPU = Release|Any CPU
	EndGlobalSection
	GlobalSection(ProjectConfigurationPlatforms) = postSolution
		{F4E277ED-BD1E-44E3-AAB2-605864665987}.Debug|Any CPU.ActiveCfg = Debug|Any CPU
		{F4E277ED-BD1E-44E3-AAB2-605864665987}.Debug|Any CPU.Build.0 = Debug|Any CPU
		{F4E277ED-BD1E-44E3-AAB2-605864665987}.Release|Any CPU.ActiveCfg = Release|Any CPU
		{F4E277ED-BD1E-44E3-AAB2-605864665987}.Release|Any CPU.Build.0 = Release|Any CPU
	EndGlobalSection
	GlobalSection(SolutionProperties) = preSolution
		HideSolutionNode = FALSE
	EndGlobalSection
	GlobalSection(ExtensibilityGlobals) = postSolution
		SolutionGuid = {C726C3DD-3B5E-4722-BABF-41CFD5C750E3}
	EndGlobalSection
EndGlobal
